
Microsoft Visual Studio Solution File, Format Version 12.00
# Visual Studio 15
VisualStudioVersion = 15.0.28307.1082
MinimumVisualStudioVersion = 10.0.40219.1
Project("{888888A0-9F3D-457C-B088-3A5042F75D52}") = "first_ml_app", "first_ml_app\first_ml_app.pyproj", "{171E92A9-3BA4-4DAC-824C-176D4D8FA5FD}"
EndProject
Global
	GlobalSection(SolutionConfigurationPlatforms) = preSolution
		Debug|Any CPU = Debug|Any CPU
		Release|Any CPU = Release|Any CPU
	EndGlobalSection
	GlobalSection(ProjectConfigurationPlatforms) = postSolution
		{171E92A9-3BA4-4DAC-824C-176D4D8FA5FD}.Debug|Any CPU.ActiveCfg = Debug|Any CPU
		{171E92A9-3BA4-4DAC-824C-176D4D8FA5FD}.Release|Any CPU.ActiveCfg = Release|Any CPU
	EndGlobalSection
	GlobalSection(SolutionProperties) = preSolution
		HideSolutionNode = FALSE
	EndGlobalSection
	GlobalSection(ExtensibilityGlobals) = postSolution
		SolutionGuid = {F1A3EB2D-2D81-4CE2-ABAD-9549CA9D7F5E}
	EndGlobalSection
EndGlobal
